github.com/BurntSushi/toml v1.5.0 h1:W5quZX/G/csjUnuI8SUYlsHs9M38FC7znL0lIO+DvMg=
github.com/BurntSushi/toml v1.5.0/go.mod h1:ukJfTF/6rtPPRCnwkur4qwRxa8vTRFBF0uk2lLoLwho=
github.com/rkoesters/xdg v0.0.1 h1:RmfYxghVvIsb4d51u5LtNOcwqY5r3P44u6o86qqvBMA=
github.com/rkoesters/xdg v0.0.1/go.mod h1:5DcbjvJkY00fIOKkaBnylbC/rmc1NNJP5dmUcnlcm7U=
